// !$*UTF8*$!
{
	archiveVersion = 1;
	classes = {
	};
	objectVersion = 46;
	objects = {

/* Begin PBXBuildFile section */
		171BCB9B1D2A436600DFD7D7 /* CustomBackgroundFetchStrategy.swift in Sources */ = {isa = PBXBuildFile; fileRef = 171BCB9A1D2A436600DFD7D7 /* CustomBackgroundFetchStrategy.swift */; };
		17A651E91D1433A700286D34 /* AppConfig.swift in Sources */ = {isa = PBXBuildFile; fileRef = 17A651DB1D1433A700286D34 /* AppConfig.swift */; };
		17A651EB1D1433A700286D34 /* SwinjectStoryboard+Setup.swift in Sources */ = {isa = PBXBuildFile; fileRef = 17A651DD1D1433A700286D34 /* SwinjectStoryboard+Setup.swift */; };
		17A651EC1D1433A700286D34 /* AppDelegate.swift in Sources */ = {isa = PBXBuildFile; fileRef = 17A651DE1D1433A700286D34 /* AppDelegate.swift */; };
		17A651ED1D1433A700286D34 /* AppStyles.swift in Sources */ = {isa = PBXBuildFile; fileRef = 17A651DF1D1433A700286D34 /* AppStyles.swift */; };
		17A651EE1D1433A700286D34 /* CustomCellFactory.swift in Sources */ = {isa = PBXBuildFile; fileRef = 17A651E01D1433A700286D34 /* CustomCellFactory.swift */; };
		17A651EF1D1433A700286D34 /* CustomNavigationControllerDelegate.swift in Sources */ = {isa = PBXBuildFile; fileRef = 17A651E11D1433A700286D34 /* CustomNavigationControllerDelegate.swift */; };
		17A651F01D1433A700286D34 /* CustomTimelineNavigationViewController.swift in Sources */ = {isa = PBXBuildFile; fileRef = 17A651E21D1433A700286D34 /* CustomTimelineNavigationViewController.swift */; };
		17A651F11D1433A700286D34 /* CustomStreamerCell.swift in Sources */ = {isa = PBXBuildFile; fileRef = 17A651E31D1433A700286D34 /* CustomStreamerCell.swift */; };
		17A651F31D1433A700286D34 /* CustomDividerCell.swift in Sources */ = {isa = PBXBuildFile; fileRef = 17A651E51D1433A700286D34 /* CustomDividerCell.swift */; };
		17A651F41D1433A700286D34 /* CustomArticleViewController.swift in Sources */ = {isa = PBXBuildFile; fileRef = 17A651E61D1433A700286D34 /* CustomArticleViewController.swift */; };
		17A651F51D1433A700286D34 /* CustomTimelineNavigationView.swift in Sources */ = {isa = PBXBuildFile; fileRef = 17A651E71D1433A700286D34 /* CustomTimelineNavigationView.swift */; };
		17A651F71D1433C900286D34 /* Images.xcassets in Resources */ = {isa = PBXBuildFile; fileRef = 17A651F61D1433C900286D34 /* Images.xcassets */; };
		17A652061D14340600286D34 /* SimpleHBS.otf in Resources */ = {isa = PBXBuildFile; fileRef = 17A651FB1D14340600286D34 /* SimpleHBS.otf */; };
		17A652071D14340600286D34 /* SabonNextCom-Bold.ttf in Resources */ = {isa = PBXBuildFile; fileRef = 17A651FC1D14340600286D34 /* SabonNextCom-Bold.ttf */; };
		17A652081D14340600286D34 /* SabonNextCom-BoldItalic.ttf in Resources */ = {isa = PBXBuildFile; fileRef = 17A651FD1D14340600286D34 /* SabonNextCom-BoldItalic.ttf */; };
		17A652091D14340600286D34 /* SabonNextCom-Italic.ttf in Resources */ = {isa = PBXBuildFile; fileRef = 17A651FE1D14340600286D34 /* SabonNextCom-Italic.ttf */; };
		17A6520A1D14340600286D34 /* SabonNextCom-Regular.ttf in Resources */ = {isa = PBXBuildFile; fileRef = 17A651FF1D14340600286D34 /* SabonNextCom-Regular.ttf */; };
		17A6520B1D14340600286D34 /* UniversNextPro-Italic.otf in Resources */ = {isa = PBXBuildFile; fileRef = 17A652001D14340600286D34 /* UniversNextPro-Italic.otf */; };
		17A6520C1D14340600286D34 /* UniversNextPro-Regular.otf in Resources */ = {isa = PBXBuildFile; fileRef = 17A652011D14340600286D34 /* UniversNextPro-Regular.otf */; };
		17A6520D1D14340600286D34 /* UniversNextPro-Cond.otf in Resources */ = {isa = PBXBuildFile; fileRef = 17A652021D14340600286D34 /* UniversNextPro-Cond.otf */; };
		17A6520E1D14340600286D34 /* UniversNextPro-BoldItalic.otf in Resources */ = {isa = PBXBuildFile; fileRef = 17A652031D14340600286D34 /* UniversNextPro-BoldItalic.otf */; };
		17A6520F1D14340600286D34 /* UniversNextPro-Bold.otf in Resources */ = {isa = PBXBuildFile; fileRef = 17A652041D14340600286D34 /* UniversNextPro-Bold.otf */; };
		17A652101D14340600286D34 /* UniversNextPro-BoldCond.otf in Resources */ = {isa = PBXBuildFile; fileRef = 17A652051D14340600286D34 /* UniversNextPro-BoldCond.otf */; };
		17A652171D1814A000286D34 /* LaunchScreen.storyboard in Resources */ = {isa = PBXBuildFile; fileRef = 17A652151D1814A000286D34 /* LaunchScreen.storyboard */; };
		17A652181D1814A000286D34 /* Main.storyboard in Resources */ = {isa = PBXBuildFile; fileRef = 17A652161D1814A000286D34 /* Main.storyboard */; };
		17FA32311D1972D700F48129 /* Localizable.strings in Resources */ = {isa = PBXBuildFile; fileRef = 17FA32301D1972D700F48129 /* Localizable.strings */; };
		377795914E5DBE6896A14EEC /* Pods_boeckler_ios.framework in Frameworks */ = {isa = PBXBuildFile; fileRef = 1F859A944BD739EF47CFA33C /* Pods_boeckler_ios.framework */; };
		904601401D4E4DF40069B3E2 /* MenuViewController.swift in Sources */ = {isa = PBXBuildFile; fileRef = 9046013F1D4E4DF40069B3E2 /* MenuViewController.swift */; };
		908FFB771D3CECD3006DE524 /* Instabug.swift in Sources */ = {isa = PBXBuildFile; fileRef = 908FFB761D3CECD3006DE524 /* Instabug.swift */; };
		909B334C1D586D6F00B38C3D /* HTMLMenuViewController.swift in Sources */ = {isa = PBXBuildFile; fileRef = 909B334B1D586D6F00B38C3D /* HTMLMenuViewController.swift */; };
		90DDEA2F1D5086BB00C07375 /* Menu.swift in Sources */ = {isa = PBXBuildFile; fileRef = 90DDEA2E1D5086BB00C07375 /* Menu.swift */; };
/* End PBXBuildFile section */

/* Begin PBXFileReference section */
		171BCB9A1D2A436600DFD7D7 /* CustomBackgroundFetchStrategy.swift */ = {isa = PBXFileReference; fileEncoding = 4; lastKnownFileType = sourcecode.swift; path = CustomBackgroundFetchStrategy.swift; sourceTree = "<group>"; };
		1731BD7E1BEA41050012D6FF /* boeckler-ios.app */ = {isa = PBXFileReference; explicitFileType = wrapper.application; includeInIndex = 0; path = "boeckler-ios.app"; sourceTree = BUILT_PRODUCTS_DIR; };
		17A651DB1D1433A700286D34 /* AppConfig.swift */ = {isa = PBXFileReference; fileEncoding = 4; lastKnownFileType = sourcecode.swift; name = AppConfig.swift; path = Sources/AppConfig.swift; sourceTree = "<group>"; };
		17A651DD1D1433A700286D34 /* SwinjectStoryboard+Setup.swift */ = {isa = PBXFileReference; fileEncoding = 4; lastKnownFileType = sourcecode.swift; name = "SwinjectStoryboard+Setup.swift"; path = "Sources/SwinjectStoryboard+Setup.swift"; sourceTree = "<group>"; };
		17A651DE1D1433A700286D34 /* AppDelegate.swift */ = {isa = PBXFileReference; fileEncoding = 4; lastKnownFileType = sourcecode.swift; name = AppDelegate.swift; path = Sources/AppDelegate.swift; sourceTree = "<group>"; };
		17A651DF1D1433A700286D34 /* AppStyles.swift */ = {isa = PBXFileReference; fileEncoding = 4; lastKnownFileType = sourcecode.swift; name = AppStyles.swift; path = Sources/AppStyles.swift; sourceTree = "<group>"; };
		17A651E01D1433A700286D34 /* CustomCellFactory.swift */ = {isa = PBXFileReference; fileEncoding = 4; lastKnownFileType = sourcecode.swift; name = CustomCellFactory.swift; path = Sources/CustomCellFactory.swift; sourceTree = "<group>"; };
		17A651E11D1433A700286D34 /* CustomNavigationControllerDelegate.swift */ = {isa = PBXFileReference; fileEncoding = 4; lastKnownFileType = sourcecode.swift; name = CustomNavigationControllerDelegate.swift; path = Sources/CustomNavigationControllerDelegate.swift; sourceTree = "<group>"; };
		17A651E21D1433A700286D34 /* CustomTimelineNavigationViewController.swift */ = {isa = PBXFileReference; fileEncoding = 4; lastKnownFileType = sourcecode.swift; name = CustomTimelineNavigationViewController.swift; path = Sources/CustomTimelineNavigationViewController.swift; sourceTree = "<group>"; };
		17A651E31D1433A700286D34 /* CustomStreamerCell.swift */ = {isa = PBXFileReference; fileEncoding = 4; lastKnownFileType = sourcecode.swift; name = CustomStreamerCell.swift; path = Sources/CustomStreamerCell.swift; sourceTree = "<group>"; };
		17A651E51D1433A700286D34 /* CustomDividerCell.swift */ = {isa = PBXFileReference; fileEncoding = 4; lastKnownFileType = sourcecode.swift; name = CustomDividerCell.swift; path = Sources/CustomDividerCell.swift; sourceTree = "<group>"; };
		17A651E61D1433A700286D34 /* CustomArticleViewController.swift */ = {isa = PBXFileReference; fileEncoding = 4; lastKnownFileType = sourcecode.swift; name = CustomArticleViewController.swift; path = Sources/CustomArticleViewController.swift; sourceTree = "<group>"; };
		17A651E71D1433A700286D34 /* CustomTimelineNavigationView.swift */ = {isa = PBXFileReference; fileEncoding = 4; lastKnownFileType = sourcecode.swift; name = CustomTimelineNavigationView.swift; path = Sources/CustomTimelineNavigationView.swift; sourceTree = "<group>"; };
		17A651E81D1433A700286D34 /* boeckler-Bridging-Header.h */ = {isa = PBXFileReference; fileEncoding = 4; lastKnownFileType = sourcecode.c.h; name = "boeckler-Bridging-Header.h"; path = "Sources/boeckler-Bridging-Header.h"; sourceTree = "<group>"; };
		17A651F61D1433C900286D34 /* Images.xcassets */ = {isa = PBXFileReference; lastKnownFileType = folder.assetcatalog; name = Images.xcassets; path = Resources/Images.xcassets; sourceTree = "<group>"; };
		17A651FB1D14340600286D34 /* SimpleHBS.otf */ = {isa = PBXFileReference; lastKnownFileType = file; name = SimpleHBS.otf; path = "Resources/Fonts/Simple HBS/SimpleHBS.otf"; sourceTree = "<group>"; };
		17A651FC1D14340600286D34 /* SabonNextCom-Bold.ttf */ = {isa = PBXFileReference; lastKnownFileType = file; name = "SabonNextCom-Bold.ttf"; path = "Resources/Fonts/LT Sabon Next OTF/SabonNextCom-Bold.ttf"; sourceTree = "<group>"; };
		17A651FD1D14340600286D34 /* SabonNextCom-BoldItalic.ttf */ = {isa = PBXFileReference; lastKnownFileType = file; name = "SabonNextCom-BoldItalic.ttf"; path = "Resources/Fonts/LT Sabon Next OTF/SabonNextCom-BoldItalic.ttf"; sourceTree = "<group>"; };
		17A651FE1D14340600286D34 /* SabonNextCom-Italic.ttf */ = {isa = PBXFileReference; lastKnownFileType = file; name = "SabonNextCom-Italic.ttf"; path = "Resources/Fonts/LT Sabon Next OTF/SabonNextCom-Italic.ttf"; sourceTree = "<group>"; };
		17A651FF1D14340600286D34 /* SabonNextCom-Regular.ttf */ = {isa = PBXFileReference; lastKnownFileType = file; name = "SabonNextCom-Regular.ttf"; path = "Resources/Fonts/LT Sabon Next OTF/SabonNextCom-Regular.ttf"; sourceTree = "<group>"; };
		17A652001D14340600286D34 /* UniversNextPro-Italic.otf */ = {isa = PBXFileReference; lastKnownFileType = file; name = "UniversNextPro-Italic.otf"; path = "Resources/Fonts/LT Univers Next OTF/UniversNextPro-Italic.otf"; sourceTree = "<group>"; };
		17A652011D14340600286D34 /* UniversNextPro-Regular.otf */ = {isa = PBXFileReference; lastKnownFileType = file; name = "UniversNextPro-Regular.otf"; path = "Resources/Fonts/LT Univers Next OTF/UniversNextPro-Regular.otf"; sourceTree = "<group>"; };
		17A652021D14340600286D34 /* UniversNextPro-Cond.otf */ = {isa = PBXFileReference; lastKnownFileType = file; name = "UniversNextPro-Cond.otf"; path = "Resources/Fonts/LT Univers Next OTF/UniversNextPro-Cond.otf"; sourceTree = "<group>"; };
		17A652031D14340600286D34 /* UniversNextPro-BoldItalic.otf */ = {isa = PBXFileReference; lastKnownFileType = file; name = "UniversNextPro-BoldItalic.otf"; path = "Resources/Fonts/LT Univers Next OTF/UniversNextPro-BoldItalic.otf"; sourceTree = "<group>"; };
		17A652041D14340600286D34 /* UniversNextPro-Bold.otf */ = {isa = PBXFileReference; lastKnownFileType = file; name = "UniversNextPro-Bold.otf"; path = "Resources/Fonts/LT Univers Next OTF/UniversNextPro-Bold.otf"; sourceTree = "<group>"; };
		17A652051D14340600286D34 /* UniversNextPro-BoldCond.otf */ = {isa = PBXFileReference; lastKnownFileType = file; name = "UniversNextPro-BoldCond.otf"; path = "Resources/Fonts/LT Univers Next OTF/UniversNextPro-BoldCond.otf"; sourceTree = "<group>"; };
		17A652151D1814A000286D34 /* LaunchScreen.storyboard */ = {isa = PBXFileReference; fileEncoding = 4; lastKnownFileType = file.storyboard; name = LaunchScreen.storyboard; path = Resources/LaunchScreen.storyboard; sourceTree = "<group>"; };
		17A652161D1814A000286D34 /* Main.storyboard */ = {isa = PBXFileReference; fileEncoding = 4; lastKnownFileType = file.storyboard; name = Main.storyboard; path = Resources/Main.storyboard; sourceTree = "<group>"; };
		17FA32301D1972D700F48129 /* Localizable.strings */ = {isa = PBXFileReference; fileEncoding = 4; lastKnownFileType = text.plist.strings; name = Localizable.strings; path = Resources/Localizable.strings; sourceTree = "<group>"; };
		1F859A944BD739EF47CFA33C /* Pods_boeckler_ios.framework */ = {isa = PBXFileReference; explicitFileType = wrapper.framework; includeInIndex = 0; path = Pods_boeckler_ios.framework; sourceTree = BUILT_PRODUCTS_DIR; };
		26A339A0A3C3593242612811 /* Pods-boeckler-ios.release.xcconfig */ = {isa = PBXFileReference; includeInIndex = 1; lastKnownFileType = text.xcconfig; name = "Pods-boeckler-ios.release.xcconfig"; path = "Pods/Target Support Files/Pods-boeckler-ios/Pods-boeckler-ios.release.xcconfig"; sourceTree = "<group>"; };
		83F31E83613E9E9C50887830 /* Pods-boeckler-ios.adhoc.xcconfig */ = {isa = PBXFileReference; includeInIndex = 1; lastKnownFileType = text.xcconfig; name = "Pods-boeckler-ios.adhoc.xcconfig"; path = "Pods/Target Support Files/Pods-boeckler-ios/Pods-boeckler-ios.adhoc.xcconfig"; sourceTree = "<group>"; };
		904419961D38E5FF009B6A30 /* libsqlite3.tbd */ = {isa = PBXFileReference; lastKnownFileType = "sourcecode.text-based-dylib-definition"; name = libsqlite3.tbd; path = usr/lib/libsqlite3.tbd; sourceTree = SDKROOT; };
		9046013F1D4E4DF40069B3E2 /* MenuViewController.swift */ = {isa = PBXFileReference; fileEncoding = 4; lastKnownFileType = sourcecode.swift; path = MenuViewController.swift; sourceTree = "<group>"; };
		908FFB761D3CECD3006DE524 /* Instabug.swift */ = {isa = PBXFileReference; fileEncoding = 4; lastKnownFileType = sourcecode.swift; name = Instabug.swift; path = Sources/Instabug.swift; sourceTree = "<group>"; };
		909B334B1D586D6F00B38C3D /* HTMLMenuViewController.swift */ = {isa = PBXFileReference; fileEncoding = 4; lastKnownFileType = sourcecode.swift; path = HTMLMenuViewController.swift; sourceTree = "<group>"; };
		90DDEA2E1D5086BB00C07375 /* Menu.swift */ = {isa = PBXFileReference; fileEncoding = 4; lastKnownFileType = sourcecode.swift; name = Menu.swift; path = Sources/Menu.swift; sourceTree = "<group>"; };
		C483A882C7A41D69739DC997 /* Pods-boeckler-ios.debug.xcconfig */ = {isa = PBXFileReference; includeInIndex = 1; lastKnownFileType = text.xcconfig; name = "Pods-boeckler-ios.debug.xcconfig"; path = "Pods/Target Support Files/Pods-boeckler-ios/Pods-boeckler-ios.debug.xcconfig"; sourceTree = "<group>"; };
/* End PBXFileReference section */

/* Begin PBXFrameworksBuildPhase section */
		1731BD7B1BEA41050012D6FF /* Frameworks */ = {
			isa = PBXFrameworksBuildPhase;
			buildActionMask = 2147483647;
			files = (
				377795914E5DBE6896A14EEC /* Pods_boeckler_ios.framework in Frameworks */,
			);
			runOnlyForDeploymentPostprocessing = 0;
		};
/* End PBXFrameworksBuildPhase section */

/* Begin PBXGroup section */
		1731BD751BEA41050012D6FF = {
			isa = PBXGroup;
			children = (
				17A651D91D14338200286D34 /* Sources */,
				17A651DA1D14338800286D34 /* Resources */,
				1731BD7F1BEA41050012D6FF /* Products */,
				4F921A39EE2E4B95A3D96FB1 /* Pods */,
				BB3A9776ABCA48BE2F48D09C /* Frameworks */,
			);
			sourceTree = "<group>";
		};
		1731BD7F1BEA41050012D6FF /* Products */ = {
			isa = PBXGroup;
			children = (
				1731BD7E1BEA41050012D6FF /* boeckler-ios.app */,
			);
			name = Products;
			sourceTree = "<group>";
		};
		17A651D91D14338200286D34 /* Sources */ = {
			isa = PBXGroup;
			children = (
				908FFB761D3CECD3006DE524 /* Instabug.swift */,
				17A651DB1D1433A700286D34 /* AppConfig.swift */,
				17A651DD1D1433A700286D34 /* SwinjectStoryboard+Setup.swift */,
				17A651DE1D1433A700286D34 /* AppDelegate.swift */,
				17A651DF1D1433A700286D34 /* AppStyles.swift */,
				17A651E01D1433A700286D34 /* CustomCellFactory.swift */,
				17A651E11D1433A700286D34 /* CustomNavigationControllerDelegate.swift */,
				17A651E21D1433A700286D34 /* CustomTimelineNavigationViewController.swift */,
				17A651E31D1433A700286D34 /* CustomStreamerCell.swift */,
				17A651E51D1433A700286D34 /* CustomDividerCell.swift */,
				17A651E61D1433A700286D34 /* CustomArticleViewController.swift */,
				17A651E71D1433A700286D34 /* CustomTimelineNavigationView.swift */,
				17A651E81D1433A700286D34 /* boeckler-Bridging-Header.h */,
				171BCB9A1D2A436600DFD7D7 /* CustomBackgroundFetchStrategy.swift */,
				9046013F1D4E4DF40069B3E2 /* MenuViewController.swift */,
				90DDEA2E1D5086BB00C07375 /* Menu.swift */,
				909B334B1D586D6F00B38C3D /* HTMLMenuViewController.swift */,
			);
			name = Sources;
			sourceTree = "<group>";
		};
		17A651DA1D14338800286D34 /* Resources */ = {
			isa = PBXGroup;
			children = (
				17A652151D1814A000286D34 /* LaunchScreen.storyboard */,
				17A652161D1814A000286D34 /* Main.storyboard */,
				17A651F81D1433D500286D34 /* Fonts */,
				17A651F61D1433C900286D34 /* Images.xcassets */,
				17FA32301D1972D700F48129 /* Localizable.strings */,
			);
			name = Resources;
			sourceTree = "<group>";
		};
		17A651F81D1433D500286D34 /* Fonts */ = {
			isa = PBXGroup;
			children = (
				17A651FB1D14340600286D34 /* SimpleHBS.otf */,
				17A651FC1D14340600286D34 /* SabonNextCom-Bold.ttf */,
				17A651FD1D14340600286D34 /* SabonNextCom-BoldItalic.ttf */,
				17A651FE1D14340600286D34 /* SabonNextCom-Italic.ttf */,
				17A651FF1D14340600286D34 /* SabonNextCom-Regular.ttf */,
				17A652001D14340600286D34 /* UniversNextPro-Italic.otf */,
				17A652011D14340600286D34 /* UniversNextPro-Regular.otf */,
				17A652021D14340600286D34 /* UniversNextPro-Cond.otf */,
				17A652031D14340600286D34 /* UniversNextPro-BoldItalic.otf */,
				17A652041D14340600286D34 /* UniversNextPro-Bold.otf */,
				17A652051D14340600286D34 /* UniversNextPro-BoldCond.otf */,
			);
			name = Fonts;
			sourceTree = "<group>";
		};
		4F921A39EE2E4B95A3D96FB1 /* Pods */ = {
			isa = PBXGroup;
			children = (
				C483A882C7A41D69739DC997 /* Pods-boeckler-ios.debug.xcconfig */,
				26A339A0A3C3593242612811 /* Pods-boeckler-ios.release.xcconfig */,
				83F31E83613E9E9C50887830 /* Pods-boeckler-ios.adhoc.xcconfig */,
			);
			name = Pods;
			sourceTree = "<group>";
		};
		BB3A9776ABCA48BE2F48D09C /* Frameworks */ = {
			isa = PBXGroup;
			children = (
				904419961D38E5FF009B6A30 /* libsqlite3.tbd */,
				1F859A944BD739EF47CFA33C /* Pods_boeckler_ios.framework */,
			);
			name = Frameworks;
			sourceTree = "<group>";
		};
/* End PBXGroup section */

/* Begin PBXNativeTarget section */
		1731BD7D1BEA41050012D6FF /* boeckler-ios */ = {
			isa = PBXNativeTarget;
			buildConfigurationList = 1731BD901BEA41050012D6FF /* Build configuration list for PBXNativeTarget "boeckler-ios" */;
			buildPhases = (
				1957466569B9F16BA0643B4D /* [CP] Check Pods Manifest.lock */,
				1731BD7A1BEA41050012D6FF /* Sources */,
				1731BD7B1BEA41050012D6FF /* Frameworks */,
				1731BD7C1BEA41050012D6FF /* Resources */,
				17E64CC71C33DE9100E0BEB2 /* ShellScript */,
				17CEACEA1D27F28F001AA107 /* ShellScript */,
				F8F0AEA284670648F95F9977 /* [CP] Embed Pods Frameworks */,
				388997D80030A1D958DD1B41 /* [CP] Copy Pods Resources */,
			);
			buildRules = (
			);
			dependencies = (
			);
			name = "boeckler-ios";
			productName = boeckler;
			productReference = 1731BD7E1BEA41050012D6FF /* boeckler-ios.app */;
			productType = "com.apple.product-type.application";
		};
/* End PBXNativeTarget section */

/* Begin PBXProject section */
		1731BD761BEA41050012D6FF /* Project object */ = {
			isa = PBXProject;
			attributes = {
				KnownAssetTags = (
					New,
				);
				LastSwiftUpdateCheck = 0700;
				LastUpgradeCheck = 0700;
				ORGANIZATIONNAME = TRC;
				TargetAttributes = {
					1731BD7D1BEA41050012D6FF = {
						CreatedOnToolsVersion = 7.0.1;
						DevelopmentTeam = WM2T968KAX;
					};
				};
			};
			buildConfigurationList = 1731BD791BEA41050012D6FF /* Build configuration list for PBXProject "boeckler-ios" */;
			compatibilityVersion = "Xcode 3.2";
			developmentRegion = English;
			hasScannedForEncodings = 0;
			knownRegions = (
				en,
				Base,
				de,
			);
			mainGroup = 1731BD751BEA41050012D6FF;
			productRefGroup = 1731BD7F1BEA41050012D6FF /* Products */;
			projectDirPath = "";
			projectRoot = "";
			targets = (
				1731BD7D1BEA41050012D6FF /* boeckler-ios */,
			);
		};
/* End PBXProject section */

/* Begin PBXResourcesBuildPhase section */
		1731BD7C1BEA41050012D6FF /* Resources */ = {
			isa = PBXResourcesBuildPhase;
			buildActionMask = 2147483647;
			files = (
				17A652071D14340600286D34 /* SabonNextCom-Bold.ttf in Resources */,
				17A6520E1D14340600286D34 /* UniversNextPro-BoldItalic.otf in Resources */,
				17A652081D14340600286D34 /* SabonNextCom-BoldItalic.ttf in Resources */,
				17A6520A1D14340600286D34 /* SabonNextCom-Regular.ttf in Resources */,
				17A6520C1D14340600286D34 /* UniversNextPro-Regular.otf in Resources */,
				17A652181D1814A000286D34 /* Main.storyboard in Resources */,
				17A652061D14340600286D34 /* SimpleHBS.otf in Resources */,
				17A6520D1D14340600286D34 /* UniversNextPro-Cond.otf in Resources */,
				17A652171D1814A000286D34 /* LaunchScreen.storyboard in Resources */,
				17FA32311D1972D700F48129 /* Localizable.strings in Resources */,
				17A651F71D1433C900286D34 /* Images.xcassets in Resources */,
				17A6520B1D14340600286D34 /* UniversNextPro-Italic.otf in Resources */,
				17A6520F1D14340600286D34 /* UniversNextPro-Bold.otf in Resources */,
				17A652101D14340600286D34 /* UniversNextPro-BoldCond.otf in Resources */,
				17A652091D14340600286D34 /* SabonNextCom-Italic.ttf in Resources */,
			);
			runOnlyForDeploymentPostprocessing = 0;
		};
/* End PBXResourcesBuildPhase section */

/* Begin PBXShellScriptBuildPhase section */
		17CEACEA1D27F28F001AA107 /* ShellScript */ = {
			isa = PBXShellScriptBuildPhase;
			buildActionMask = 2147483647;
			files = (
			);
			inputPaths = (
			);
			outputPaths = (
			);
			runOnlyForDeploymentPostprocessing = 0;
			shellPath = /bin/sh;
			shellScript = "TAGS=\"WARNING:\"\necho \"searching ${SRCROOT} for ${TAGS}\"\nfind \"${SRCROOT}\" \\( -name \"*.swift\" \\) -print0 | xargs -0 egrep --with-filename --line-number --only-matching \"($TAGS).*\\$\" | perl -p -e \"s/($TAGS)/ warning: \\$1/\"";
		};
		17E64CC71C33DE9100E0BEB2 /* ShellScript */ = {
			isa = PBXShellScriptBuildPhase;
			buildActionMask = 2147483647;
			files = (
			);
			inputPaths = (
			);
			outputPaths = (
			);
			runOnlyForDeploymentPostprocessing = 0;
			shellPath = /bin/sh;
			shellScript = "${PODS_ROOT}/Fabric/run b289d725acc41407337f65f1275bcbd07d9bec67 e9c62040bf10199a6b8c4875050b5b19983b3d39897659fe16fefe7c57e65fb2";
		};
		1957466569B9F16BA0643B4D /* [CP] Check Pods Manifest.lock */ = {
			isa = PBXShellScriptBuildPhase;
			buildActionMask = 2147483647;
			files = (
			);
			inputPaths = (
			);
			name = "[CP] Check Pods Manifest.lock";
			outputPaths = (
			);
			runOnlyForDeploymentPostprocessing = 0;
			shellPath = /bin/sh;
			shellScript = "diff \"${PODS_ROOT}/../Podfile.lock\" \"${PODS_ROOT}/Manifest.lock\" > /dev/null\nif [[ $? != 0 ]] ; then\n    cat << EOM\nerror: The sandbox is not in sync with the Podfile.lock. Run 'pod install' or update your CocoaPods installation.\nEOM\n    exit 1\nfi\n";
			showEnvVarsInLog = 0;
		};
		388997D80030A1D958DD1B41 /* [CP] Copy Pods Resources */ = {
			isa = PBXShellScriptBuildPhase;
			buildActionMask = 2147483647;
			files = (
			);
			inputPaths = (
			);
			name = "[CP] Copy Pods Resources";
			outputPaths = (
			);
			runOnlyForDeploymentPostprocessing = 0;
			shellPath = /bin/sh;
			shellScript = "\"${SRCROOT}/Pods/Target Support Files/Pods-boeckler-ios/Pods-boeckler-ios-resources.sh\"\n";
			showEnvVarsInLog = 0;
		};
		F8F0AEA284670648F95F9977 /* [CP] Embed Pods Frameworks */ = {
			isa = PBXShellScriptBuildPhase;
			buildActionMask = 2147483647;
			files = (
			);
			inputPaths = (
			);
			name = "[CP] Embed Pods Frameworks";
			outputPaths = (
			);
			runOnlyForDeploymentPostprocessing = 0;
			shellPath = /bin/sh;
			shellScript = "\"${SRCROOT}/Pods/Target Support Files/Pods-boeckler-ios/Pods-boeckler-ios-frameworks.sh\"\n";
			showEnvVarsInLog = 0;
		};
/* End PBXShellScriptBuildPhase section */

/* Begin PBXSourcesBuildPhase section */
		1731BD7A1BEA41050012D6FF /* Sources */ = {
			isa = PBXSourcesBuildPhase;
			buildActionMask = 2147483647;
			files = (
				909B334C1D586D6F00B38C3D /* HTMLMenuViewController.swift in Sources */,
				17A651F11D1433A700286D34 /* CustomStreamerCell.swift in Sources */,
				17A651EE1D1433A700286D34 /* CustomCellFactory.swift in Sources */,
				908FFB771D3CECD3006DE524 /* Instabug.swift in Sources */,
				904601401D4E4DF40069B3E2 /* MenuViewController.swift in Sources */,
				17A651F41D1433A700286D34 /* CustomArticleViewController.swift in Sources */,
				17A651EC1D1433A700286D34 /* AppDelegate.swift in Sources */,
				17A651F31D1433A700286D34 /* CustomDividerCell.swift in Sources */,
				17A651EF1D1433A700286D34 /* CustomNavigationControllerDelegate.swift in Sources */,
				171BCB9B1D2A436600DFD7D7 /* CustomBackgroundFetchStrategy.swift in Sources */,
				90DDEA2F1D5086BB00C07375 /* Menu.swift in Sources */,
				17A651F01D1433A700286D34 /* CustomTimelineNavigationViewController.swift in Sources */,
				17A651ED1D1433A700286D34 /* AppStyles.swift in Sources */,
				17A651EB1D1433A700286D34 /* SwinjectStoryboard+Setup.swift in Sources */,
				17A651E91D1433A700286D34 /* AppConfig.swift in Sources */,
				17A651F51D1433A700286D34 /* CustomTimelineNavigationView.swift in Sources */,
			);
			runOnlyForDeploymentPostprocessing = 0;
		};
/* End PBXSourcesBuildPhase section */

/* Begin XCBuildConfiguration section */
		1731BD8E1BEA41050012D6FF /* Debug */ = {
			isa = XCBuildConfiguration;
			buildSettings = {
				ALWAYS_SEARCH_USER_PATHS = NO;
				CLANG_CXX_LANGUAGE_STANDARD = "gnu++0x";
				CLANG_CXX_LIBRARY = "libc++";
				CLANG_ENABLE_MODULES = YES;
				CLANG_ENABLE_OBJC_ARC = YES;
				CLANG_WARN_BOOL_CONVERSION = YES;
				CLANG_WARN_CONSTANT_CONVERSION = YES;
				CLANG_WARN_DIRECT_OBJC_ISA_USAGE = YES_ERROR;
				CLANG_WARN_EMPTY_BODY = YES;
				CLANG_WARN_ENUM_CONVERSION = YES;
				CLANG_WARN_INT_CONVERSION = YES;
				CLANG_WARN_OBJC_ROOT_CLASS = YES_ERROR;
				CLANG_WARN_UNREACHABLE_CODE = YES;
				CLANG_WARN__DUPLICATE_METHOD_MATCH = YES;
				"CODE_SIGN_IDENTITY[sdk=iphoneos*]" = "iPhone Developer";
				COPY_PHASE_STRIP = NO;
				DEBUG_INFORMATION_FORMAT = dwarf;
				ENABLE_STRICT_OBJC_MSGSEND = YES;
				ENABLE_TESTABILITY = YES;
				GCC_C_LANGUAGE_STANDARD = gnu99;
				GCC_DYNAMIC_NO_PIC = NO;
				GCC_NO_COMMON_BLOCKS = YES;
				GCC_OPTIMIZATION_LEVEL = 0;
				GCC_PREPROCESSOR_DEFINITIONS = (
					"DEBUG=1",
					"$(inherited)",
				);
				GCC_WARN_64_TO_32_BIT_CONVERSION = YES;
				GCC_WARN_ABOUT_RETURN_TYPE = YES_ERROR;
				GCC_WARN_UNDECLARED_SELECTOR = YES;
				GCC_WARN_UNINITIALIZED_AUTOS = YES_AGGRESSIVE;
				GCC_WARN_UNUSED_FUNCTION = YES;
				GCC_WARN_UNUSED_VARIABLE = YES;
				IPHONEOS_DEPLOYMENT_TARGET = 9.0;
				MTL_ENABLE_DEBUG_INFO = YES;
				ONLY_ACTIVE_ARCH = YES;
				SDKROOT = iphoneos;
				SWIFT_OPTIMIZATION_LEVEL = "-Onone";
			};
			name = Debug;
		};
		1731BD8F1BEA41050012D6FF /* Release */ = {
			isa = XCBuildConfiguration;
			buildSettings = {
				ALWAYS_SEARCH_USER_PATHS = NO;
				CLANG_CXX_LANGUAGE_STANDARD = "gnu++0x";
				CLANG_CXX_LIBRARY = "libc++";
				CLANG_ENABLE_MODULES = YES;
				CLANG_ENABLE_OBJC_ARC = YES;
				CLANG_WARN_BOOL_CONVERSION = YES;
				CLANG_WARN_CONSTANT_CONVERSION = YES;
				CLANG_WARN_DIRECT_OBJC_ISA_USAGE = YES_ERROR;
				CLANG_WARN_EMPTY_BODY = YES;
				CLANG_WARN_ENUM_CONVERSION = YES;
				CLANG_WARN_INT_CONVERSION = YES;
				CLANG_WARN_OBJC_ROOT_CLASS = YES_ERROR;
				CLANG_WARN_UNREACHABLE_CODE = YES;
				CLANG_WARN__DUPLICATE_METHOD_MATCH = YES;
				"CODE_SIGN_IDENTITY[sdk=iphoneos*]" = "iPhone Developer";
				COPY_PHASE_STRIP = NO;
				DEBUG_INFORMATION_FORMAT = "dwarf-with-dsym";
				ENABLE_NS_ASSERTIONS = NO;
				ENABLE_STRICT_OBJC_MSGSEND = YES;
				GCC_C_LANGUAGE_STANDARD = gnu99;
				GCC_NO_COMMON_BLOCKS = YES;
				GCC_WARN_64_TO_32_BIT_CONVERSION = YES;
				GCC_WARN_ABOUT_RETURN_TYPE = YES_ERROR;
				GCC_WARN_UNDECLARED_SELECTOR = YES;
				GCC_WARN_UNINITIALIZED_AUTOS = YES_AGGRESSIVE;
				GCC_WARN_UNUSED_FUNCTION = YES;
				GCC_WARN_UNUSED_VARIABLE = YES;
				IPHONEOS_DEPLOYMENT_TARGET = 9.0;
				MTL_ENABLE_DEBUG_INFO = NO;
				SDKROOT = iphoneos;
				VALIDATE_PRODUCT = YES;
			};
			name = Release;
		};
		1731BD911BEA41050012D6FF /* Debug */ = {
			isa = XCBuildConfiguration;
			baseConfigurationReference = C483A882C7A41D69739DC997 /* Pods-boeckler-ios.debug.xcconfig */;
			buildSettings = {
				ASSETCATALOG_COMPILER_APPICON_NAME = AppIcon;
				CLANG_ENABLE_MODULES = YES;
				CODE_SIGN_IDENTITY = "iPhone Developer";
				"CODE_SIGN_IDENTITY[sdk=iphoneos*]" = "iPhone Developer";
				DEBUG_INFORMATION_FORMAT = "dwarf-with-dsym";
				INFOPLIST_FILE = Resources/Info.plist;
				IPHONEOS_DEPLOYMENT_TARGET = 9.0;
				PRODUCT_BUNDLE_IDENTIFIER = io.trc.hbs.mitbestimmung;
				PRODUCT_NAME = "boeckler-ios";
				PROVISIONING_PROFILE = "";
				SWIFT_OBJC_BRIDGING_HEADER = "Sources/boeckler-Bridging-Header.h";
				SWIFT_OPTIMIZATION_LEVEL = "-Onone";
				TARGETED_DEVICE_FAMILY = "1,2";
			};
			name = Debug;
		};
		1731BD921BEA41050012D6FF /* Release */ = {
			isa = XCBuildConfiguration;
			baseConfigurationReference = 26A339A0A3C3593242612811 /* Pods-boeckler-ios.release.xcconfig */;
			buildSettings = {
				ASSETCATALOG_COMPILER_APPICON_NAME = AppIcon;
				CLANG_ENABLE_MODULES = YES;
				CODE_SIGN_IDENTITY = "iPhone Developer";
				"CODE_SIGN_IDENTITY[sdk=iphoneos*]" = "iPhone Developer";
				INFOPLIST_FILE = Resources/Info.plist;
				IPHONEOS_DEPLOYMENT_TARGET = 9.0;
				PRODUCT_BUNDLE_IDENTIFIER = io.trc.hbs.mitbestimmung;
				PRODUCT_NAME = "boeckler-ios";
				PROVISIONING_PROFILE = "";
				SWIFT_OBJC_BRIDGING_HEADER = "Sources/boeckler-Bridging-Header.h";
				TARGETED_DEVICE_FAMILY = "1,2";
			};
			name = Release;
		};
		174BAB111C5115B800523560 /* Adhoc */ = {
			isa = XCBuildConfiguration;
			buildSettings = {
				ALWAYS_SEARCH_USER_PATHS = NO;
				CLANG_CXX_LANGUAGE_STANDARD = "gnu++0x";
				CLANG_CXX_LIBRARY = "libc++";
				CLANG_ENABLE_MODULES = YES;
				CLANG_ENABLE_OBJC_ARC = YES;
				CLANG_WARN_BOOL_CONVERSION = YES;
				CLANG_WARN_CONSTANT_CONVERSION = YES;
				CLANG_WARN_DIRECT_OBJC_ISA_USAGE = YES_ERROR;
				CLANG_WARN_EMPTY_BODY = YES;
				CLANG_WARN_ENUM_CONVERSION = YES;
				CLANG_WARN_INT_CONVERSION = YES;
				CLANG_WARN_OBJC_ROOT_CLASS = YES_ERROR;
				CLANG_WARN_UNREACHABLE_CODE = YES;
				CLANG_WARN__DUPLICATE_METHOD_MATCH = YES;
				"CODE_SIGN_IDENTITY[sdk=iphoneos*]" = "iPhone Developer";
				COPY_PHASE_STRIP = NO;
				DEBUG_INFORMATION_FORMAT = "dwarf-with-dsym";
				ENABLE_NS_ASSERTIONS = NO;
				ENABLE_STRICT_OBJC_MSGSEND = YES;
				GCC_C_LANGUAGE_STANDARD = gnu99;
				GCC_NO_COMMON_BLOCKS = YES;
				GCC_WARN_64_TO_32_BIT_CONVERSION = YES;
				GCC_WARN_ABOUT_RETURN_TYPE = YES_ERROR;
				GCC_WARN_UNDECLARED_SELECTOR = YES;
				GCC_WARN_UNINITIALIZED_AUTOS = YES_AGGRESSIVE;
				GCC_WARN_UNUSED_FUNCTION = YES;
				GCC_WARN_UNUSED_VARIABLE = YES;
				IPHONEOS_DEPLOYMENT_TARGET = 9.0;
				MTL_ENABLE_DEBUG_INFO = NO;
				SDKROOT = iphoneos;
				VALIDATE_PRODUCT = YES;
			};
			name = Adhoc;
		};
		174BAB121C5115B800523560 /* Adhoc */ = {
			isa = XCBuildConfiguration;
			baseConfigurationReference = 83F31E83613E9E9C50887830 /* Pods-boeckler-ios.adhoc.xcconfig */;
			buildSettings = {
				ASSETCATALOG_COMPILER_APPICON_NAME = AppIcon;
				CLANG_ENABLE_MODULES = YES;
				CODE_SIGN_IDENTITY = "iPhone Developer";
				"CODE_SIGN_IDENTITY[sdk=iphoneos*]" = "iPhone Developer";
				INFOPLIST_FILE = Resources/Info.plist;
				IPHONEOS_DEPLOYMENT_TARGET = 9.0;
				PRODUCT_BUNDLE_IDENTIFIER = io.trc.hbs.mitbestimmung;
				PRODUCT_NAME = "boeckler-ios";
				PROVISIONING_PROFILE = "";
				SWIFT_OBJC_BRIDGING_HEADER = "Sources/boeckler-Bridging-Header.h";
				TARGETED_DEVICE_FAMILY = "1,2";
			};
			name = Adhoc;
		};
/* End XCBuildConfiguration section */

/* Begin XCConfigurationList section */
		1731BD791BEA41050012D6FF /* Build configuration list for PBXProject "boeckler-ios" */ = {
			isa = XCConfigurationList;
			buildConfigurations = (
				1731BD8E1BEA41050012D6FF /* Debug */,
				1731BD8F1BEA41050012D6FF /* Release */,
				174BAB111C5115B800523560 /* Adhoc */,
			);
			defaultConfigurationIsVisible = 0;
			defaultConfigurationName = Release;
		};
		1731BD901BEA41050012D6FF /* Build configuration list for PBXNativeTarget "boeckler-ios" */ = {
			isa = XCConfigurationList;
			buildConfigurations = (
				1731BD911BEA41050012D6FF /* Debug */,
				1731BD921BEA41050012D6FF /* Release */,
				174BAB121C5115B800523560 /* Adhoc */,
			);
			defaultConfigurationIsVisible = 0;
			defaultConfigurationName = Release;
		};
/* End XCConfigurationList section */
	};
	rootObject = 1731BD761BEA41050012D6FF /* Project object */;
}
